
Microsoft Visual Studio Solution File, Format Version 12.00
# Visual Studio 15
VisualStudioVersion = 15.0.27703.2042
MinimumVisualStudioVersion = 10.0.40219.1
Project("{FAE04EC0-301F-11D3-BF4B-00C04F79EFBC}") = "SimpleNetCoreCRUD", "SimpleNetCoreCRUD\SimpleNetCoreCRUD.csproj", "{C7B8A482-4B12-4D10-BA4E-941081562E8B}"
EndProject
Global
	GlobalSection(SolutionConfigurationPlatforms) = preSolution
		Debug|Any CPU = Debug|Any CPU
		Release|Any CPU = Release|Any CPU
	EndGlobalSection
	GlobalSection(ProjectConfigurationPlatforms) = postSolution
		{C7B8A482-4B12-4D10-BA4E-941081562E8B}.Debug|Any CPU.ActiveCfg = Debug|Any CPU
		{C7B8A482-4B12-4D10-BA4E-941081562E8B}.Debug|Any CPU.Build.0 = Debug|Any CPU
		{C7B8A482-4B12-4D10-BA4E-941081562E8B}.Release|Any CPU.ActiveCfg = Release|Any CPU
		{C7B8A482-4B12-4D10-BA4E-941081562E8B}.Release|Any CPU.Build.0 = Release|Any CPU
	EndGlobalSection
	GlobalSection(SolutionProperties) = preSolution
		HideSolutionNode = FALSE
	EndGlobalSection
	GlobalSection(ExtensibilityGlobals) = postSolution
		SolutionGuid = {11474FC8-C2A0-4D38-A736-33AFED47AB63}
	EndGlobalSection
EndGlobal
